// !$*UTF8*$!
{
	archiveVersion = 1;
	classes = {
	};
	objectVersion = 46;
	objects = {

/* Begin PBXBuildFile section */
		FA1B75071ACD551700F7E8A7 /* RecordedAudio.swift in Sources */ = {isa = PBXBuildFile; fileRef = FA1B75061ACD551700F7E8A7 /* RecordedAudio.swift */; };
		FA6E9D4F1ACC89E5004AC676 /* PlaySounds.swift in Sources */ = {isa = PBXBuildFile; fileRef = FA6E9D4E1ACC89E5004AC676 /* PlaySounds.swift */; };
		FAEFB9381ACAD9150098B07A /* AppDelegate.swift in Sources */ = {isa = PBXBuildFile; fileRef = FAEFB9371ACAD9150098B07A /* AppDelegate.swift */; };
		FAEFB93A1ACAD9150098B07A /* RecordSounds.swift in Sources */ = {isa = PBXBuildFile; fileRef = FAEFB9391ACAD9150098B07A /* RecordSounds.swift */; };
		FAEFB93D1ACAD9150098B07A /* Main.storyboard in Resources */ = {isa = PBXBuildFile; fileRef = FAEFB93B1ACAD9150098B07A /* Main.storyboard */; };
		FAEFB93F1ACAD9150098B07A /* Images.xcassets in Resources */ = {isa = PBXBuildFile; fileRef = FAEFB93E1ACAD9150098B07A /* Images.xcassets */; };
		FAEFB9421ACAD9150098B07A /* LaunchScreen.xib in Resources */ = {isa = PBXBuildFile; fileRef = FAEFB9401ACAD9150098B07A /* LaunchScreen.xib */; };
		FAEFB94E1ACAD9150098B07A /* Phil_s_Pitch_Perfect_Tests.swift in Sources */ = {isa = PBXBuildFile; fileRef = FAEFB94D1ACAD9150098B07A /* Phil_s_Pitch_Perfect_Tests.swift */; };
		FAEFB9581ACAD9320098B07A /* movie_quote.mp3 in Resources */ = {isa = PBXBuildFile; fileRef = FAEFB9571ACAD9320098B07A /* movie_quote.mp3 */; };
/* End PBXBuildFile section */

/* Begin PBXContainerItemProxy section */
		FAEFB9481ACAD9150098B07A /* PBXContainerItemProxy */ = {
			isa = PBXContainerItemProxy;
			containerPortal = FAEFB92A1ACAD9140098B07A /* Project object */;
			proxyType = 1;
			remoteGlobalIDString = FAEFB9311ACAD9140098B07A;
			remoteInfo = "Phil's Pitch Perfect!";
		};
/* End PBXContainerItemProxy section */

/* Begin PBXFileReference section */
		FA1B75061ACD551700F7E8A7 /* RecordedAudio.swift */ = {isa = PBXFileReference; fileEncoding = 4; lastKnownFileType = sourcecode.swift; path = RecordedAudio.swift; sourceTree = "<group>"; };
		FA6E9D4E1ACC89E5004AC676 /* PlaySounds.swift */ = {isa = PBXFileReference; fileEncoding = 4; lastKnownFileType = sourcecode.swift; path = PlaySounds.swift; sourceTree = "<group>"; };
		FAEFB9321ACAD9150098B07A /* Phil's Pitch Perfect!.app */ = {isa = PBXFileReference; explicitFileType = wrapper.application; includeInIndex = 0; path = "Phil's Pitch Perfect!.app"; sourceTree = BUILT_PRODUCTS_DIR; };
		FAEFB9361ACAD9150098B07A /* Info.plist */ = {isa = PBXFileReference; lastKnownFileType = text.plist.xml; path = Info.plist; sourceTree = "<group>"; };
		FAEFB9371ACAD9150098B07A /* AppDelegate.swift */ = {isa = PBXFileReference; lastKnownFileType = sourcecode.swift; path = AppDelegate.swift; sourceTree = "<group>"; };
		FAEFB9391ACAD9150098B07A /* RecordSounds.swift */ = {isa = PBXFileReference; lastKnownFileType = sourcecode.swift; path = RecordSounds.swift; sourceTree = "<group>"; };
		FAEFB93C1ACAD9150098B07A /* Base */ = {isa = PBXFileReference; lastKnownFileType = file.storyboard; name = Base; path = Base.lproj/Main.storyboard; sourceTree = "<group>"; };
		FAEFB93E1ACAD9150098B07A /* Images.xcassets */ = {isa = PBXFileReference; lastKnownFileType = folder.assetcatalog; path = Images.xcassets; sourceTree = "<group>"; };
		FAEFB9411ACAD9150098B07A /* Base */ = {isa = PBXFileReference; lastKnownFileType = file.xib; name = Base; path = Base.lproj/LaunchScreen.xib; sourceTree = "<group>"; };
		FAEFB9471ACAD9150098B07A /* Phil's Pitch Perfect!Tests.xctest */ = {isa = PBXFileReference; explicitFileType = wrapper.cfbundle; includeInIndex = 0; path = "Phil's Pitch Perfect!Tests.xctest"; sourceTree = BUILT_PRODUCTS_DIR; };
		FAEFB94C1ACAD9150098B07A /* Info.plist */ = {isa = PBXFileReference; lastKnownFileType = text.plist.xml; path = Info.plist; sourceTree = "<group>"; };
		FAEFB94D1ACAD9150098B07A /* Phil_s_Pitch_Perfect_Tests.swift */ = {isa = PBXFileReference; lastKnownFileType = sourcecode.swift; path = Phil_s_Pitch_Perfect_Tests.swift; sourceTree = "<group>"; };
		FAEFB9571ACAD9320098B07A /* movie_quote.mp3 */ = {isa = PBXFileReference; lastKnownFileType = audio.mp3; path = movie_quote.mp3; sourceTree = "<group>"; };
/* End PBXFileReference section */

/* Begin PBXFrameworksBuildPhase section */
		FAEFB92F1ACAD9140098B07A /* Frameworks */ = {
			isa = PBXFrameworksBuildPhase;
			buildActionMask = 2147483647;
			files = (
			);
			runOnlyForDeploymentPostprocessing = 0;
		};
		FAEFB9441ACAD9150098B07A /* Frameworks */ = {
			isa = PBXFrameworksBuildPhase;
			buildActionMask = 2147483647;
			files = (
			);
			runOnlyForDeploymentPostprocessing = 0;
		};
/* End PBXFrameworksBuildPhase section */

/* Begin PBXGroup section */
		FAEFB9291ACAD9140098B07A = {
			isa = PBXGroup;
			children = (
				FAEFB9341ACAD9150098B07A /* Phil's Pitch Perfect! */,
				FAEFB94A1ACAD9150098B07A /* Phil's Pitch Perfect!Tests */,
				FAEFB9331ACAD9150098B07A /* Products */,
			);
			sourceTree = "<group>";
		};
		FAEFB9331ACAD9150098B07A /* Products */ = {
			isa = PBXGroup;
			children = (
				FAEFB9321ACAD9150098B07A /* Phil's Pitch Perfect!.app */,
				FAEFB9471ACAD9150098B07A /* Phil's Pitch Perfect!Tests.xctest */,
			);
			name = Products;
			sourceTree = "<group>";
		};
		FAEFB9341ACAD9150098B07A /* Phil's Pitch Perfect! */ = {
			isa = PBXGroup;
			children = (
				FAEFB9371ACAD9150098B07A /* AppDelegate.swift */,
				FAEFB9391ACAD9150098B07A /* RecordSounds.swift */,
				FAEFB93B1ACAD9150098B07A /* Main.storyboard */,
				FA1B75061ACD551700F7E8A7 /* RecordedAudio.swift */,
				FA6E9D4E1ACC89E5004AC676 /* PlaySounds.swift */,
				FAEFB93E1ACAD9150098B07A /* Images.xcassets */,
				FAEFB9401ACAD9150098B07A /* LaunchScreen.xib */,
				FAEFB9351ACAD9150098B07A /* Supporting Files */,
			);
			path = "Phil's Pitch Perfect!";
			sourceTree = "<group>";
		};
		FAEFB9351ACAD9150098B07A /* Supporting Files */ = {
			isa = PBXGroup;
			children = (
				FAEFB9571ACAD9320098B07A /* movie_quote.mp3 */,
				FAEFB9361ACAD9150098B07A /* Info.plist */,
			);
			name = "Supporting Files";
			sourceTree = "<group>";
		};
		FAEFB94A1ACAD9150098B07A /* Phil's Pitch Perfect!Tests */ = {
			isa = PBXGroup;
			children = (
				FAEFB94D1ACAD9150098B07A /* Phil_s_Pitch_Perfect_Tests.swift */,
				FAEFB94B1ACAD9150098B07A /* Supporting Files */,
			);
			path = "Phil's Pitch Perfect!Tests";
			sourceTree = "<group>";
		};
		FAEFB94B1ACAD9150098B07A /* Supporting Files */ = {
			isa = PBXGroup;
			children = (
				FAEFB94C1ACAD9150098B07A /* Info.plist */,
			);
			name = "Supporting Files";
			sourceTree = "<group>";
		};
/* End PBXGroup section */

/* Begin PBXNativeTarget section */
		FAEFB9311ACAD9140098B07A /* Phil's Pitch Perfect! */ = {
			isa = PBXNativeTarget;
			buildConfigurationList = FAEFB9511ACAD9150098B07A /* Build configuration list for PBXNativeTarget "Phil's Pitch Perfect!" */;
			buildPhases = (
				FAEFB92E1ACAD9140098B07A /* Sources */,
				FAEFB92F1ACAD9140098B07A /* Frameworks */,
				FAEFB9301ACAD9140098B07A /* Resources */,
			);
			buildRules = (
			);
			dependencies = (
			);
			name = "Phil's Pitch Perfect!";
			productName = "Phil's Pitch Perfect!";
			productReference = FAEFB9321ACAD9150098B07A /* Phil's Pitch Perfect!.app */;
			productType = "com.apple.product-type.application";
		};
		FAEFB9461ACAD9150098B07A /* Phil's Pitch Perfect!Tests */ = {
			isa = PBXNativeTarget;
			buildConfigurationList = FAEFB9541ACAD9150098B07A /* Build configuration list for PBXNativeTarget "Phil's Pitch Perfect!Tests" */;
			buildPhases = (
				FAEFB9431ACAD9150098B07A /* Sources */,
				FAEFB9441ACAD9150098B07A /* Frameworks */,
				FAEFB9451ACAD9150098B07A /* Resources */,
			);
			buildRules = (
			);
			dependencies = (
				FAEFB9491ACAD9150098B07A /* PBXTargetDependency */,
			);
			name = "Phil's Pitch Perfect!Tests";
			productName = "Phil's Pitch Perfect!Tests";
			productReference = FAEFB9471ACAD9150098B07A /* Phil's Pitch Perfect!Tests.xctest */;
			productType = "com.apple.product-type.bundle.unit-test";
		};
/* End PBXNativeTarget section */

/* Begin PBXProject section */
		FAEFB92A1ACAD9140098B07A /* Project object */ = {
			isa = PBXProject;
			attributes = {
				LastUpgradeCheck = 0620;
				ORGANIZATIONNAME = "Phillip Hughes";
				TargetAttributes = {
					FAEFB9311ACAD9140098B07A = {
						CreatedOnToolsVersion = 6.2;
						DevelopmentTeam = H62B4T98ND;
					};
					FAEFB9461ACAD9150098B07A = {
						CreatedOnToolsVersion = 6.2;
						TestTargetID = FAEFB9311ACAD9140098B07A;
					};
				};
			};
			buildConfigurationList = FAEFB92D1ACAD9140098B07A /* Build configuration list for PBXProject "Phil's Pitch Perfect!" */;
			compatibilityVersion = "Xcode 3.2";
			developmentRegion = English;
			hasScannedForEncodings = 0;
			knownRegions = (
				en,
				Base,
			);
			mainGroup = FAEFB9291ACAD9140098B07A;
			productRefGroup = FAEFB9331ACAD9150098B07A /* Products */;
			projectDirPath = "";
			projectRoot = "";
			targets = (
				FAEFB9311ACAD9140098B07A /* Phil's Pitch Perfect! */,
				FAEFB9461ACAD9150098B07A /* Phil's Pitch Perfect!Tests */,
			);
		};
/* End PBXProject section */

/* Begin PBXResourcesBuildPhase section */
		FAEFB9301ACAD9140098B07A /* Resources */ = {
			isa = PBXResourcesBuildPhase;
			buildActionMask = 2147483647;
			files = (
				FAEFB93D1ACAD9150098B07A /* Main.storyboard in Resources */,
				FAEFB9421ACAD9150098B07A /* LaunchScreen.xib in Resources */,
				FAEFB9581ACAD9320098B07A /* movie_quote.mp3 in Resources */,
				FAEFB93F1ACAD9150098B07A /* Images.xcassets in Resources */,
			);
			runOnlyForDeploymentPostprocessing = 0;
		};
		FAEFB9451ACAD9150098B07A /* Resources */ = {
			isa = PBXResourcesBuildPhase;
			buildActionMask = 2147483647;
			files = (
			);
			runOnlyForDeploymentPostprocessing = 0;
		};
/* End PBXResourcesBuildPhase section */

/* Begin PBXSourcesBuildPhase section */
		FAEFB92E1ACAD9140098B07A /* Sources */ = {
			isa = PBXSourcesBuildPhase;
			buildActionMask = 2147483647;
			files = (
				FA1B75071ACD551700F7E8A7 /* RecordedAudio.swift in Sources */,
				FAEFB93A1ACAD9150098B07A /* RecordSounds.swift in Sources */,
				FA6E9D4F1ACC89E5004AC676 /* PlaySounds.swift in Sources */,
				FAEFB9381ACAD9150098B07A /* AppDelegate.swift in Sources */,
			);
			runOnlyForDeploymentPostprocessing = 0;
		};
		FAEFB9431ACAD9150098B07A /* Sources */ = {
			isa = PBXSourcesBuildPhase;
			buildActionMask = 2147483647;
			files = (
				FAEFB94E1ACAD9150098B07A /* Phil_s_Pitch_Perfect_Tests.swift in Sources */,
			);
			runOnlyForDeploymentPostprocessing = 0;
		};
/* End PBXSourcesBuildPhase section */

/* Begin PBXTargetDependency section */
		FAEFB9491ACAD9150098B07A /* PBXTargetDependency */ = {
			isa = PBXTargetDependency;
			target = FAEFB9311ACAD9140098B07A /* Phil's Pitch Perfect! */;
			targetProxy = FAEFB9481ACAD9150098B07A /* PBXContainerItemProxy */;
		};
/* End PBXTargetDependency section */

/* Begin PBXVariantGroup section */
		FAEFB93B1ACAD9150098B07A /* Main.storyboard */ = {
			isa = PBXVariantGroup;
			children = (
				FAEFB93C1ACAD9150098B07A /* Base */,
			);
			name = Main.storyboard;
			sourceTree = "<group>";
		};
		FAEFB9401ACAD9150098B07A /* LaunchScreen.xib */ = {
			isa = PBXVariantGroup;
			children = (
				FAEFB9411ACAD9150098B07A /* Base */,
			);
			name = LaunchScreen.xib;
			sourceTree = "<group>";
		};
/* End PBXVariantGroup section */

/* Begin XCBuildConfiguration section */
		FAEFB94F1ACAD9150098B07A /* Debug */ = {
			isa = XCBuildConfiguration;
			buildSettings = {
				ALWAYS_SEARCH_USER_PATHS = NO;
				CLANG_CXX_LANGUAGE_STANDARD = "gnu++0x";
				CLANG_CXX_LIBRARY = "libc++";
				CLANG_ENABLE_MODULES = YES;
				CLANG_ENABLE_OBJC_ARC = YES;
				CLANG_WARN_BOOL_CONVERSION = YES;
				CLANG_WARN_CONSTANT_CONVERSION = YES;
				CLANG_WARN_DIRECT_OBJC_ISA_USAGE = YES_ERROR;
				CLANG_WARN_EMPTY_BODY = YES;
				CLANG_WARN_ENUM_CONVERSION = YES;
				CLANG_WARN_INT_CONVERSION = YES;
				CLANG_WARN_OBJC_ROOT_CLASS = YES_ERROR;
				CLANG_WARN_UNREACHABLE_CODE = YES;
				CLANG_WARN__DUPLICATE_METHOD_MATCH = YES;
				"CODE_SIGN_IDENTITY[sdk=iphoneos*]" = "iPhone Developer";
				COPY_PHASE_STRIP = NO;
				ENABLE_STRICT_OBJC_MSGSEND = YES;
				GCC_C_LANGUAGE_STANDARD = gnu99;
				GCC_DYNAMIC_NO_PIC = NO;
				GCC_OPTIMIZATION_LEVEL = 0;
				GCC_PREPROCESSOR_DEFINITIONS = (
					"DEBUG=1",
					"$(inherited)",
				);
				GCC_SYMBOLS_PRIVATE_EXTERN = NO;
				GCC_WARN_64_TO_32_BIT_CONVERSION = YES;
				GCC_WARN_ABOUT_RETURN_TYPE = YES_ERROR;
				GCC_WARN_UNDECLARED_SELECTOR = YES;
				GCC_WARN_UNINITIALIZED_AUTOS = YES_AGGRESSIVE;
				GCC_WARN_UNUSED_FUNCTION = YES;
				GCC_WARN_UNUSED_VARIABLE = YES;
				IPHONEOS_DEPLOYMENT_TARGET = 8.2;
				MTL_ENABLE_DEBUG_INFO = YES;
				ONLY_ACTIVE_ARCH = YES;
				SDKROOT = iphoneos;
				SWIFT_OPTIMIZATION_LEVEL = "-Onone";
			};
			name = Debug;
		};
		FAEFB9501ACAD9150098B07A /* Release */ = {
			isa = XCBuildConfiguration;
			buildSettings = {
				ALWAYS_SEARCH_USER_PATHS = NO;
				CLANG_CXX_LANGUAGE_STANDARD = "gnu++0x";
				CLANG_CXX_LIBRARY = "libc++";
				CLANG_ENABLE_MODULES = YES;
				CLANG_ENABLE_OBJC_ARC = YES;
				CLANG_WARN_BOOL_CONVERSION = YES;
				CLANG_WARN_CONSTANT_CONVERSION = YES;
				CLANG_WARN_DIRECT_OBJC_ISA_USAGE = YES_ERROR;
				CLANG_WARN_EMPTY_BODY = YES;
				CLANG_WARN_ENUM_CONVERSION = YES;
				CLANG_WARN_INT_CONVERSION = YES;
				CLANG_WARN_OBJC_ROOT_CLASS = YES_ERROR;
				CLANG_WARN_UNREACHABLE_CODE = YES;
				CLANG_WARN__DUPLICATE_METHOD_MATCH = YES;
				"CODE_SIGN_IDENTITY[sdk=iphoneos*]" = "iPhone Developer";
				COPY_PHASE_STRIP = NO;
				ENABLE_NS_ASSERTIONS = NO;
				ENABLE_STRICT_OBJC_MSGSEND = YES;
				GCC_C_LANGUAGE_STANDARD = gnu99;
				GCC_WARN_64_TO_32_BIT_CONVERSION = YES;
				GCC_WARN_ABOUT_RETURN_TYPE = YES_ERROR;
				GCC_WARN_UNDECLARED_SELECTOR = YES;
				GCC_WARN_UNINITIALIZED_AUTOS = YES_AGGRESSIVE;
				GCC_WARN_UNUSED_FUNCTION = YES;
				GCC_WARN_UNUSED_VARIABLE = YES;
				IPHONEOS_DEPLOYMENT_TARGET = 8.2;
				MTL_ENABLE_DEBUG_INFO = NO;
				SDKROOT = iphoneos;
				VALIDATE_PRODUCT = YES;
			};
			name = Release;
		};
		FAEFB9521ACAD9150098B07A /* Debug */ = {
			isa = XCBuildConfiguration;
			buildSettings = {
				ASSETCATALOG_COMPILER_APPICON_NAME = AppIcon;
				INFOPLIST_FILE = "Phil's Pitch Perfect!/Info.plist";
				LD_RUNPATH_SEARCH_PATHS = "$(inherited) @executable_path/Frameworks";
				PRODUCT_NAME = "$(TARGET_NAME)";
			};
			name = Debug;
		};
		FAEFB9531ACAD9150098B07A /* Release */ = {
			isa = XCBuildConfiguration;
			buildSettings = {
				ASSETCATALOG_COMPILER_APPICON_NAME = AppIcon;
				INFOPLIST_FILE = "Phil's Pitch Perfect!/Info.plist";
				LD_RUNPATH_SEARCH_PATHS = "$(inherited) @executable_path/Frameworks";
				PRODUCT_NAME = "$(TARGET_NAME)";
			};
			name = Release;
		};
		FAEFB9551ACAD9150098B07A /* Debug */ = {
			isa = XCBuildConfiguration;
			buildSettings = {
				BUNDLE_LOADER = "$(TEST_HOST)";
				FRAMEWORK_SEARCH_PATHS = (
					"$(SDKROOT)/Developer/Library/Frameworks",
					"$(inherited)",
				);
				GCC_PREPROCESSOR_DEFINITIONS = (
					"DEBUG=1",
					"$(inherited)",
				);
				INFOPLIST_FILE = "Phil's Pitch Perfect!Tests/Info.plist";
				LD_RUNPATH_SEARCH_PATHS = "$(inherited) @executable_path/Frameworks @loader_path/Frameworks";
				PRODUCT_NAME = "$(TARGET_NAME)";
				TEST_HOST = "$(BUILT_PRODUCTS_DIR)/Phil's Pitch Perfect!.app/Phil's Pitch Perfect!";
			};
			name = Debug;
		};
		FAEFB9561ACAD9150098B07A /* Release */ = {
			isa = XCBuildConfiguration;
			buildSettings = {
				BUNDLE_LOADER = "$(TEST_HOST)";
				FRAMEWORK_SEARCH_PATHS = (
					"$(SDKROOT)/Developer/Library/Frameworks",
					"$(inherited)",
				);
				INFOPLIST_FILE = "Phil's Pitch Perfect!Tests/Info.plist";
				LD_RUNPATH_SEARCH_PATHS = "$(inherited) @executable_path/Frameworks @loader_path/Frameworks";
				PRODUCT_NAME = "$(TARGET_NAME)";
				TEST_HOST = "$(BUILT_PRODUCTS_DIR)/Phil's Pitch Perfect!.app/Phil's Pitch Perfect!";
			};
			name = Release;
		};
/* End XCBuildConfiguration section */

/* Begin XCConfigurationList section */
		FAEFB92D1ACAD9140098B07A /* Build configuration list for PBXProject "Phil's Pitch Perfect!" */ = {
			isa = XCConfigurationList;
			buildConfigurations = (
				FAEFB94F1ACAD9150098B07A /* Debug */,
				FAEFB9501ACAD9150098B07A /* Release */,
			);
			defaultConfigurationIsVisible = 0;
			defaultConfigurationName = Release;
		};
		FAEFB9511ACAD9150098B07A /* Build configuration list for PBXNativeTarget "Phil's Pitch Perfect!" */ = {
			isa = XCConfigurationList;
			buildConfigurations = (
				FAEFB9521ACAD9150098B07A /* Debug */,
				FAEFB9531ACAD9150098B07A /* Release */,
			);
			defaultConfigurationIsVisible = 0;
			defaultConfigurationName = Release;
		};
		FAEFB9541ACAD9150098B07A /* Build configuration list for PBXNativeTarget "Phil's Pitch Perfect!Tests" */ = {
			isa = XCConfigurationList;
			buildConfigurations = (
				FAEFB9551ACAD9150098B07A /* Debug */,
				FAEFB9561ACAD9150098B07A /* Release */,
			);
			defaultConfigurationIsVisible = 0;
			defaultConfigurationName = Release;
		};
/* End XCConfigurationList section */
	};
	rootObject = FAEFB92A1ACAD9140098B07A /* Project object */;
}
